// !$*UTF8*$!
{
	archiveVersion = 1;
	classes = {
	};
	objectVersion = 46;
	objects = {

/* Begin PBXBuildFile section */
		48371E231B03DD9100E67153 /* AppDelegate.swift in Sources */ = {isa = PBXBuildFile; fileRef = 48371E221B03DD9100E67153 /* AppDelegate.swift */; };
		48371E251B03DD9100E67153 /* ViewController.swift in Sources */ = {isa = PBXBuildFile; fileRef = 48371E241B03DD9100E67153 /* ViewController.swift */; };
		48371E281B03DD9100E67153 /* Main.storyboard in Resources */ = {isa = PBXBuildFile; fileRef = 48371E261B03DD9100E67153 /* Main.storyboard */; };
		48371E2A1B03DD9100E67153 /* Images.xcassets in Resources */ = {isa = PBXBuildFile; fileRef = 48371E291B03DD9100E67153 /* Images.xcassets */; };
		48371E2D1B03DD9100E67153 /* LaunchScreen.xib in Resources */ = {isa = PBXBuildFile; fileRef = 48371E2B1B03DD9100E67153 /* LaunchScreen.xib */; };
		48371E391B03DD9100E67153 /* TaskItTests.swift in Sources */ = {isa = PBXBuildFile; fileRef = 48371E381B03DD9100E67153 /* TaskItTests.swift */; };
		48371E431B03E3CD00E67153 /* TaskCell.swift in Sources */ = {isa = PBXBuildFile; fileRef = 48371E421B03E3CD00E67153 /* TaskCell.swift */; };
		48DEE6EC1B445D7200AE1696 /* TaskModel.swift in Sources */ = {isa = PBXBuildFile; fileRef = 48DEE6EB1B445D7200AE1696 /* TaskModel.swift */; };
/* End PBXBuildFile section */

/* Begin PBXContainerItemProxy section */
		48371E331B03DD9100E67153 /* PBXContainerItemProxy */ = {
			isa = PBXContainerItemProxy;
			containerPortal = 48371E151B03DD9100E67153 /* Project object */;
			proxyType = 1;
			remoteGlobalIDString = 48371E1C1B03DD9100E67153;
			remoteInfo = TaskIt;
		};
/* End PBXContainerItemProxy section */

/* Begin PBXFileReference section */
		48371E1D1B03DD9100E67153 /* TaskIt.app */ = {isa = PBXFileReference; explicitFileType = wrapper.application; includeInIndex = 0; path = TaskIt.app; sourceTree = BUILT_PRODUCTS_DIR; };
		48371E211B03DD9100E67153 /* Info.plist */ = {isa = PBXFileReference; lastKnownFileType = text.plist.xml; path = Info.plist; sourceTree = "<group>"; };
		48371E221B03DD9100E67153 /* AppDelegate.swift */ = {isa = PBXFileReference; lastKnownFileType = sourcecode.swift; path = AppDelegate.swift; sourceTree = "<group>"; };
		48371E241B03DD9100E67153 /* ViewController.swift */ = {isa = PBXFileReference; lastKnownFileType = sourcecode.swift; path = ViewController.swift; sourceTree = "<group>"; };
		48371E271B03DD9100E67153 /* Base */ = {isa = PBXFileReference; lastKnownFileType = file.storyboard; name = Base; path = Base.lproj/Main.storyboard; sourceTree = "<group>"; };
		48371E291B03DD9100E67153 /* Images.xcassets */ = {isa = PBXFileReference; lastKnownFileType = folder.assetcatalog; path = Images.xcassets; sourceTree = "<group>"; };
		48371E2C1B03DD9100E67153 /* Base */ = {isa = PBXFileReference; lastKnownFileType = file.xib; name = Base; path = Base.lproj/LaunchScreen.xib; sourceTree = "<group>"; };
		48371E321B03DD9100E67153 /* TaskItTests.xctest */ = {isa = PBXFileReference; explicitFileType = wrapper.cfbundle; includeInIndex = 0; path = TaskItTests.xctest; sourceTree = BUILT_PRODUCTS_DIR; };
		48371E371B03DD9100E67153 /* Info.plist */ = {isa = PBXFileReference; lastKnownFileType = text.plist.xml; path = Info.plist; sourceTree = "<group>"; };
		48371E381B03DD9100E67153 /* TaskItTests.swift */ = {isa = PBXFileReference; lastKnownFileType = sourcecode.swift; path = TaskItTests.swift; sourceTree = "<group>"; };
		48371E421B03E3CD00E67153 /* TaskCell.swift */ = {isa = PBXFileReference; fileEncoding = 4; lastKnownFileType = sourcecode.swift; path = TaskCell.swift; sourceTree = "<group>"; };
		48DEE6EB1B445D7200AE1696 /* TaskModel.swift */ = {isa = PBXFileReference; fileEncoding = 4; lastKnownFileType = sourcecode.swift; path = TaskModel.swift; sourceTree = "<group>"; };
/* End PBXFileReference section */

/* Begin PBXFrameworksBuildPhase section */
		48371E1A1B03DD9100E67153 /* Frameworks */ = {
			isa = PBXFrameworksBuildPhase;
			buildActionMask = 2147483647;
			files = (
			);
			runOnlyForDeploymentPostprocessing = 0;
		};
		48371E2F1B03DD9100E67153 /* Frameworks */ = {
			isa = PBXFrameworksBuildPhase;
			buildActionMask = 2147483647;
			files = (
			);
			runOnlyForDeploymentPostprocessing = 0;
		};
/* End PBXFrameworksBuildPhase section */

/* Begin PBXGroup section */
		48371E141B03DD9100E67153 = {
			isa = PBXGroup;
			children = (
				48371E1F1B03DD9100E67153 /* TaskIt */,
				48371E351B03DD9100E67153 /* TaskItTests */,
				48371E1E1B03DD9100E67153 /* Products */,
			);
			sourceTree = "<group>";
		};
		48371E1E1B03DD9100E67153 /* Products */ = {
			isa = PBXGroup;
			children = (
				48371E1D1B03DD9100E67153 /* TaskIt.app */,
				48371E321B03DD9100E67153 /* TaskItTests.xctest */,
			);
			name = Products;
			sourceTree = "<group>";
		};
		48371E1F1B03DD9100E67153 /* TaskIt */ = {
			isa = PBXGroup;
			children = (
				48371E221B03DD9100E67153 /* AppDelegate.swift */,
				48371E241B03DD9100E67153 /* ViewController.swift */,
				48DEE6EB1B445D7200AE1696 /* TaskModel.swift */,
				48371E261B03DD9100E67153 /* Main.storyboard */,
				48371E421B03E3CD00E67153 /* TaskCell.swift */,
				48371E291B03DD9100E67153 /* Images.xcassets */,
				48371E2B1B03DD9100E67153 /* LaunchScreen.xib */,
				48371E201B03DD9100E67153 /* Supporting Files */,
			);
			path = TaskIt;
			sourceTree = "<group>";
		};
		48371E201B03DD9100E67153 /* Supporting Files */ = {
			isa = PBXGroup;
			children = (
				48371E211B03DD9100E67153 /* Info.plist */,
			);
			name = "Supporting Files";
			sourceTree = "<group>";
		};
		48371E351B03DD9100E67153 /* TaskItTests */ = {
			isa = PBXGroup;
			children = (
				48371E381B03DD9100E67153 /* TaskItTests.swift */,
				48371E361B03DD9100E67153 /* Supporting Files */,
			);
			path = TaskItTests;
			sourceTree = "<group>";
		};
		48371E361B03DD9100E67153 /* Supporting Files */ = {
			isa = PBXGroup;
			children = (
				48371E371B03DD9100E67153 /* Info.plist */,
			);
			name = "Supporting Files";
			sourceTree = "<group>";
		};
/* End PBXGroup section */

/* Begin PBXNativeTarget section */
		48371E1C1B03DD9100E67153 /* TaskIt */ = {
			isa = PBXNativeTarget;
			buildConfigurationList = 48371E3C1B03DD9100E67153 /* Build configuration list for PBXNativeTarget "TaskIt" */;
			buildPhases = (
				48371E191B03DD9100E67153 /* Sources */,
				48371E1A1B03DD9100E67153 /* Frameworks */,
				48371E1B1B03DD9100E67153 /* Resources */,
			);
			buildRules = (
			);
			dependencies = (
			);
			name = TaskIt;
			productName = TaskIt;
			productReference = 48371E1D1B03DD9100E67153 /* TaskIt.app */;
			productType = "com.apple.product-type.application";
		};
		48371E311B03DD9100E67153 /* TaskItTests */ = {
			isa = PBXNativeTarget;
			buildConfigurationList = 48371E3F1B03DD9100E67153 /* Build configuration list for PBXNativeTarget "TaskItTests" */;
			buildPhases = (
				48371E2E1B03DD9100E67153 /* Sources */,
				48371E2F1B03DD9100E67153 /* Frameworks */,
				48371E301B03DD9100E67153 /* Resources */,
			);
			buildRules = (
			);
			dependencies = (
				48371E341B03DD9100E67153 /* PBXTargetDependency */,
			);
			name = TaskItTests;
			productName = TaskItTests;
			productReference = 48371E321B03DD9100E67153 /* TaskItTests.xctest */;
			productType = "com.apple.product-type.bundle.unit-test";
		};
/* End PBXNativeTarget section */

/* Begin PBXProject section */
		48371E151B03DD9100E67153 /* Project object */ = {
			isa = PBXProject;
			attributes = {
				LastUpgradeCheck = 0630;
				ORGANIZATIONNAME = Matthew;
				TargetAttributes = {
					48371E1C1B03DD9100E67153 = {
						CreatedOnToolsVersion = 6.3.1;
					};
					48371E311B03DD9100E67153 = {
						CreatedOnToolsVersion = 6.3.1;
						TestTargetID = 48371E1C1B03DD9100E67153;
					};
				};
			};
			buildConfigurationList = 48371E181B03DD9100E67153 /* Build configuration list for PBXProject "TaskIt" */;
			compatibilityVersion = "Xcode 3.2";
			developmentRegion = English;
			hasScannedForEncodings = 0;
			knownRegions = (
				en,
				Base,
			);
			mainGroup = 48371E141B03DD9100E67153;
			productRefGroup = 48371E1E1B03DD9100E67153 /* Products */;
			projectDirPath = "";
			projectRoot = "";
			targets = (
				48371E1C1B03DD9100E67153 /* TaskIt */,
				48371E311B03DD9100E67153 /* TaskItTests */,
			);
		};
/* End PBXProject section */

/* Begin PBXResourcesBuildPhase section */
		48371E1B1B03DD9100E67153 /* Resources */ = {
			isa = PBXResourcesBuildPhase;
			buildActionMask = 2147483647;
			files = (
				48371E281B03DD9100E67153 /* Main.storyboard in Resources */,
				48371E2D1B03DD9100E67153 /* LaunchScreen.xib in Resources */,
				48371E2A1B03DD9100E67153 /* Images.xcassets in Resources */,
			);
			runOnlyForDeploymentPostprocessing = 0;
		};
		48371E301B03DD9100E67153 /* Resources */ = {
			isa = PBXResourcesBuildPhase;
			buildActionMask = 2147483647;
			files = (
			);
			runOnlyForDeploymentPostprocessing = 0;
		};
/* End PBXResourcesBuildPhase section */

/* Begin PBXSourcesBuildPhase section */
		48371E191B03DD9100E67153 /* Sources */ = {
			isa = PBXSourcesBuildPhase;
			buildActionMask = 2147483647;
			files = (
				48371E251B03DD9100E67153 /* ViewController.swift in Sources */,
				48371E431B03E3CD00E67153 /* TaskCell.swift in Sources */,
				48DEE6EC1B445D7200AE1696 /* TaskModel.swift in Sources */,
				48371E231B03DD9100E67153 /* AppDelegate.swift in Sources */,
			);
			runOnlyForDeploymentPostprocessing = 0;
		};
		48371E2E1B03DD9100E67153 /* Sources */ = {
			isa = PBXSourcesBuildPhase;
			buildActionMask = 2147483647;
			files = (
				48371E391B03DD9100E67153 /* TaskItTests.swift in Sources */,
			);
			runOnlyForDeploymentPostprocessing = 0;
		};
/* End PBXSourcesBuildPhase section */

/* Begin PBXTargetDependency section */
		48371E341B03DD9100E67153 /* PBXTargetDependency */ = {
			isa = PBXTargetDependency;
			target = 48371E1C1B03DD9100E67153 /* TaskIt */;
			targetProxy = 48371E331B03DD9100E67153 /* PBXContainerItemProxy */;
		};
/* End PBXTargetDependency section */

/* Begin PBXVariantGroup section */
		48371E261B03DD9100E67153 /* Main.storyboard */ = {
			isa = PBXVariantGroup;
			children = (
				48371E271B03DD9100E67153 /* Base */,
			);
			name = Main.storyboard;
			sourceTree = "<group>";
		};
		48371E2B1B03DD9100E67153 /* LaunchScreen.xib */ = {
			isa = PBXVariantGroup;
			children = (
				48371E2C1B03DD9100E67153 /* Base */,
			);
			name = LaunchScreen.xib;
			sourceTree = "<group>";
		};
/* End PBXVariantGroup section */

/* Begin XCBuildConfiguration section */
		48371E3A1B03DD9100E67153 /* Debug */ = {
			isa = XCBuildConfiguration;
			buildSettings = {
				ALWAYS_SEARCH_USER_PATHS = NO;
				CLANG_CXX_LANGUAGE_STANDARD = "gnu++0x";
				CLANG_CXX_LIBRARY = "libc++";
				CLANG_ENABLE_MODULES = YES;
				CLANG_ENABLE_OBJC_ARC = YES;
				CLANG_WARN_BOOL_CONVERSION = YES;
				CLANG_WARN_CONSTANT_CONVERSION = YES;
				CLANG_WARN_DIRECT_OBJC_ISA_USAGE = YES_ERROR;
				CLANG_WARN_EMPTY_BODY = YES;
				CLANG_WARN_ENUM_CONVERSION = YES;
				CLANG_WARN_INT_CONVERSION = YES;
				CLANG_WARN_OBJC_ROOT_CLASS = YES_ERROR;
				CLANG_WARN_UNREACHABLE_CODE = YES;
				CLANG_WARN__DUPLICATE_METHOD_MATCH = YES;
				"CODE_SIGN_IDENTITY[sdk=iphoneos*]" = "iPhone Developer";
				COPY_PHASE_STRIP = NO;
				DEBUG_INFORMATION_FORMAT = "dwarf-with-dsym";
				ENABLE_STRICT_OBJC_MSGSEND = YES;
				GCC_C_LANGUAGE_STANDARD = gnu99;
				GCC_DYNAMIC_NO_PIC = NO;
				GCC_NO_COMMON_BLOCKS = YES;
				GCC_OPTIMIZATION_LEVEL = 0;
				GCC_PREPROCESSOR_DEFINITIONS = (
					"DEBUG=1",
					"$(inherited)",
				);
				GCC_SYMBOLS_PRIVATE_EXTERN = NO;
				GCC_WARN_64_TO_32_BIT_CONVERSION = YES;
				GCC_WARN_ABOUT_RETURN_TYPE = YES_ERROR;
				GCC_WARN_UNDECLARED_SELECTOR = YES;
				GCC_WARN_UNINITIALIZED_AUTOS = YES_AGGRESSIVE;
				GCC_WARN_UNUSED_FUNCTION = YES;
				GCC_WARN_UNUSED_VARIABLE = YES;
				IPHONEOS_DEPLOYMENT_TARGET = 8.3;
				MTL_ENABLE_DEBUG_INFO = YES;
				ONLY_ACTIVE_ARCH = YES;
				SDKROOT = iphoneos;
				SWIFT_OPTIMIZATION_LEVEL = "-Onone";
				TARGETED_DEVICE_FAMILY = "1,2";
			};
			name = Debug;
		};
		48371E3B1B03DD9100E67153 /* Release */ = {
			isa = XCBuildConfiguration;
			buildSettings = {
				ALWAYS_SEARCH_USER_PATHS = NO;
				CLANG_CXX_LANGUAGE_STANDARD = "gnu++0x";
				CLANG_CXX_LIBRARY = "libc++";
				CLANG_ENABLE_MODULES = YES;
				CLANG_ENABLE_OBJC_ARC = YES;
				CLANG_WARN_BOOL_CONVERSION = YES;
				CLANG_WARN_CONSTANT_CONVERSION = YES;
				CLANG_WARN_DIRECT_OBJC_ISA_USAGE = YES_ERROR;
				CLANG_WARN_EMPTY_BODY = YES;
				CLANG_WARN_ENUM_CONVERSION = YES;
				CLANG_WARN_INT_CONVERSION = YES;
				CLANG_WARN_OBJC_ROOT_CLASS = YES_ERROR;
				CLANG_WARN_UNREACHABLE_CODE = YES;
				CLANG_WARN__DUPLICATE_METHOD_MATCH = YES;
				"CODE_SIGN_IDENTITY[sdk=iphoneos*]" = "iPhone Developer";
				COPY_PHASE_STRIP = NO;
				DEBUG_INFORMATION_FORMAT = "dwarf-with-dsym";
				ENABLE_NS_ASSERTIONS = NO;
				ENABLE_STRICT_OBJC_MSGSEND = YES;
				GCC_C_LANGUAGE_STANDARD = gnu99;
				GCC_NO_COMMON_BLOCKS = YES;
				GCC_WARN_64_TO_32_BIT_CONVERSION = YES;
				GCC_WARN_ABOUT_RETURN_TYPE = YES_ERROR;
				GCC_WARN_UNDECLARED_SELECTOR = YES;
				GCC_WARN_UNINITIALIZED_AUTOS = YES_AGGRESSIVE;
				GCC_WARN_UNUSED_FUNCTION = YES;
				GCC_WARN_UNUSED_VARIABLE = YES;
				IPHONEOS_DEPLOYMENT_TARGET = 8.3;
				MTL_ENABLE_DEBUG_INFO = NO;
				SDKROOT = iphoneos;
				TARGETED_DEVICE_FAMILY = "1,2";
				VALIDATE_PRODUCT = YES;
			};
			name = Release;
		};
		48371E3D1B03DD9100E67153 /* Debug */ = {
			isa = XCBuildConfiguration;
			buildSettings = {
				ASSETCATALOG_COMPILER_APPICON_NAME = AppIcon;
				INFOPLIST_FILE = TaskIt/Info.plist;
				LD_RUNPATH_SEARCH_PATHS = "$(inherited) @executable_path/Frameworks";
				PRODUCT_NAME = "$(TARGET_NAME)";
			};
			name = Debug;
		};
		48371E3E1B03DD9100E67153 /* Release */ = {
			isa = XCBuildConfiguration;
			buildSettings = {
				ASSETCATALOG_COMPILER_APPICON_NAME = AppIcon;
				INFOPLIST_FILE = TaskIt/Info.plist;
				LD_RUNPATH_SEARCH_PATHS = "$(inherited) @executable_path/Frameworks";
				PRODUCT_NAME = "$(TARGET_NAME)";
			};
			name = Release;
		};
		48371E401B03DD9100E67153 /* Debug */ = {
			isa = XCBuildConfiguration;
			buildSettings = {
				BUNDLE_LOADER = "$(TEST_HOST)";
				FRAMEWORK_SEARCH_PATHS = (
					"$(SDKROOT)/Developer/Library/Frameworks",
					"$(inherited)",
				);
				GCC_PREPROCESSOR_DEFINITIONS = (
					"DEBUG=1",
					"$(inherited)",
				);
				INFOPLIST_FILE = TaskItTests/Info.plist;
				LD_RUNPATH_SEARCH_PATHS = "$(inherited) @executable_path/Frameworks @loader_path/Frameworks";
				PRODUCT_NAME = "$(TARGET_NAME)";
				TEST_HOST = "$(BUILT_PRODUCTS_DIR)/TaskIt.app/TaskIt";
			};
			name = Debug;
		};
		48371E411B03DD9100E67153 /* Release */ = {
			isa = XCBuildConfiguration;
			buildSettings = {
				BUNDLE_LOADER = "$(TEST_HOST)";
				FRAMEWORK_SEARCH_PATHS = (
					"$(SDKROOT)/Developer/Library/Frameworks",
					"$(inherited)",
				);
				INFOPLIST_FILE = TaskItTests/Info.plist;
				LD_RUNPATH_SEARCH_PATHS = "$(inherited) @executable_path/Frameworks @loader_path/Frameworks";
				PRODUCT_NAME = "$(TARGET_NAME)";
				TEST_HOST = "$(BUILT_PRODUCTS_DIR)/TaskIt.app/TaskIt";
			};
			name = Release;
		};
/* End XCBuildConfiguration section */

/* Begin XCConfigurationList section */
		48371E181B03DD9100E67153 /* Build configuration list for PBXProject "TaskIt" */ = {
			isa = XCConfigurationList;
			buildConfigurations = (
				48371E3A1B03DD9100E67153 /* Debug */,
				48371E3B1B03DD9100E67153 /* Release */,
			);
			defaultConfigurationIsVisible = 0;
			defaultConfigurationName = Release;
		};
		48371E3C1B03DD9100E67153 /* Build configuration list for PBXNativeTarget "TaskIt" */ = {
			isa = XCConfigurationList;
			buildConfigurations = (
				48371E3D1B03DD9100E67153 /* Debug */,
				48371E3E1B03DD9100E67153 /* Release */,
			);
			defaultConfigurationIsVisible = 0;
			defaultConfigurationName = Release;
		};
		48371E3F1B03DD9100E67153 /* Build configuration list for PBXNativeTarget "TaskItTests" */ = {
			isa = XCConfigurationList;
			buildConfigurations = (
				48371E401B03DD9100E67153 /* Debug */,
				48371E411B03DD9100E67153 /* Release */,
			);
			defaultConfigurationIsVisible = 0;
			defaultConfigurationName = Release;
		};
/* End XCConfigurationList section */
	};
	rootObject = 48371E151B03DD9100E67153 /* Project object */;
}
